
Microsoft Visual Studio Solution File, Format Version 12.00
# Visual Studio Version 16
VisualStudioVersion = 16.0.29509.3
MinimumVisualStudioVersion = 10.0.40219.1
Project("{FAE04EC0-301F-11D3-BF4B-00C04F79EFBC}") = "Practica3", "Practica3.csproj", "{23BF4FA0-0DFE-4EA1-BD06-145B23915055}"
EndProject
Global
	GlobalSection(SolutionConfigurationPlatforms) = preSolution
		Debug|Any CPU = Debug|Any CPU
		Release|Any CPU = Release|Any CPU
	EndGlobalSection
	GlobalSection(ProjectConfigurationPlatforms) = postSolution
		{23BF4FA0-0DFE-4EA1-BD06-145B23915055}.Debug|Any CPU.ActiveCfg = Debug|Any CPU
		{23BF4FA0-0DFE-4EA1-BD06-145B23915055}.Debug|Any CPU.Build.0 = Debug|Any CPU
		{23BF4FA0-0DFE-4EA1-BD06-145B23915055}.Release|Any CPU.ActiveCfg = Release|Any CPU
		{23BF4FA0-0DFE-4EA1-BD06-145B23915055}.Release|Any CPU.Build.0 = Release|Any CPU
	EndGlobalSection
	GlobalSection(SolutionProperties) = preSolution
		HideSolutionNode = FALSE
	EndGlobalSection
	GlobalSection(ExtensibilityGlobals) = postSolution
		SolutionGuid = {013BBC35-CF3C-4394-BB6A-A81E4BFCF6DB}
	EndGlobalSection
EndGlobal
